
Microsoft Visual Studio Solution File, Format Version 12.00
# Visual Studio Version 17
VisualStudioVersion = 17.1.32328.378
MinimumVisualStudioVersion = 10.0.40219.1
Project("{FAE04EC0-301F-11D3-BF4B-00C04F79EFBC}") = "Middleware", "Middleware\Middleware.csproj", "{745FF1EF-0A19-4F36-A0F2-06AC97A0B031}"
EndProject
Global
	GlobalSection(SolutionConfigurationPlatforms) = preSolution
		Debug|Any CPU = Debug|Any CPU
		Release|Any CPU = Release|Any CPU
	EndGlobalSection
	GlobalSection(ProjectConfigurationPlatforms) = postSolution
		{745FF1EF-0A19-4F36-A0F2-06AC97A0B031}.Debug|Any CPU.ActiveCfg = Debug|Any CPU
		{745FF1EF-0A19-4F36-A0F2-06AC97A0B031}.Debug|Any CPU.Build.0 = Debug|Any CPU
		{745FF1EF-0A19-4F36-A0F2-06AC97A0B031}.Release|Any CPU.ActiveCfg = Release|Any CPU
		{745FF1EF-0A19-4F36-A0F2-06AC97A0B031}.Release|Any CPU.Build.0 = Release|Any CPU
	EndGlobalSection
	GlobalSection(SolutionProperties) = preSolution
		HideSolutionNode = FALSE
	EndGlobalSection
	GlobalSection(ExtensibilityGlobals) = postSolution
		SolutionGuid = {536241EA-15E8-4C41-A8D1-9B4CEC89A5D3}
	EndGlobalSection
EndGlobal
